// !$*UTF8*$!
{
	archiveVersion = 1;
	classes = {
	};
	objectVersion = 50;
	objects = {

/* Begin PBXBuildFile section */
		41215CC3219A50DA0074A06E /* SwiftFirstVC.xib in Resources */ = {isa = PBXBuildFile; fileRef = 41215CC2219A50DA0074A06E /* SwiftFirstVC.xib */; };
		41215CC5219A51580074A06E /* SideMenuVC.swift in Sources */ = {isa = PBXBuildFile; fileRef = 41215CC4219A51580074A06E /* SideMenuVC.swift */; };
		41215CC7219A51750074A06E /* SideMenuVC.xib in Resources */ = {isa = PBXBuildFile; fileRef = 41215CC6219A51750074A06E /* SideMenuVC.xib */; };
		41215CC9219A62DD0074A06E /* SwiftSecondVC.swift in Sources */ = {isa = PBXBuildFile; fileRef = 41215CC8219A62DD0074A06E /* SwiftSecondVC.swift */; };
		41215CCB219A63210074A06E /* SwiftFirstVC.swift in Sources */ = {isa = PBXBuildFile; fileRef = 41215CCA219A63210074A06E /* SwiftFirstVC.swift */; };
		41215CCD219A64680074A06E /* SwiftSecondVC.xib in Resources */ = {isa = PBXBuildFile; fileRef = 41215CCC219A64680074A06E /* SwiftSecondVC.xib */; };
		41215CCF219A6AFF0074A06E /* SwiftToRNVC.swift in Sources */ = {isa = PBXBuildFile; fileRef = 41215CCE219A6AFF0074A06E /* SwiftToRNVC.swift */; };
		41215CD1219A6B8E0074A06E /* SwiftToRNVC.xib in Resources */ = {isa = PBXBuildFile; fileRef = 41215CD0219A6B8E0074A06E /* SwiftToRNVC.xib */; };
		41CCC589219A06BC0042F590 /* AppDelegate.swift in Sources */ = {isa = PBXBuildFile; fileRef = 41CCC588219A06BC0042F590 /* AppDelegate.swift */; };
		41CCC591219A06BC0042F590 /* NWRN.xcdatamodeld in Sources */ = {isa = PBXBuildFile; fileRef = 41CCC58F219A06BC0042F590 /* NWRN.xcdatamodeld */; };
		41CCC593219A06BD0042F590 /* Assets.xcassets in Resources */ = {isa = PBXBuildFile; fileRef = 41CCC592219A06BD0042F590 /* Assets.xcassets */; };
		41CCC596219A06BD0042F590 /* LaunchScreen.storyboard in Resources */ = {isa = PBXBuildFile; fileRef = 41CCC594219A06BD0042F590 /* LaunchScreen.storyboard */; };
		41CCC5A1219A06BD0042F590 /* NWRNTests.swift in Sources */ = {isa = PBXBuildFile; fileRef = 41CCC5A0219A06BD0042F590 /* NWRNTests.swift */; };
		41CCC5AC219A06BD0042F590 /* NWRNUITests.swift in Sources */ = {isa = PBXBuildFile; fileRef = 41CCC5AB219A06BD0042F590 /* NWRNUITests.swift */; };
		8C8576415FD13C216DE883AD /* Pods_NWRNUITests.framework in Frameworks */ = {isa = PBXBuildFile; fileRef = D503114139AA53A0B57B8B9B /* Pods_NWRNUITests.framework */; };
		EA1ABCAEC62D33FA5E33380D /* Pods_NWRN.framework in Frameworks */ = {isa = PBXBuildFile; fileRef = 489624DFEBEBF95BA25773E8 /* Pods_NWRN.framework */; };
		EE44789684644EE2F5159B56 /* Pods_NWRNTests.framework in Frameworks */ = {isa = PBXBuildFile; fileRef = 5C6F081DE1B463EEE6C007AF /* Pods_NWRNTests.framework */; };
/* End PBXBuildFile section */

/* Begin PBXContainerItemProxy section */
		41CCC59D219A06BD0042F590 /* PBXContainerItemProxy */ = {
			isa = PBXContainerItemProxy;
			containerPortal = 41CCC57D219A06BC0042F590 /* Project object */;
			proxyType = 1;
			remoteGlobalIDString = 41CCC584219A06BC0042F590;
			remoteInfo = NWRN;
		};
		41CCC5A8219A06BD0042F590 /* PBXContainerItemProxy */ = {
			isa = PBXContainerItemProxy;
			containerPortal = 41CCC57D219A06BC0042F590 /* Project object */;
			proxyType = 1;
			remoteGlobalIDString = 41CCC584219A06BC0042F590;
			remoteInfo = NWRN;
		};
/* End PBXContainerItemProxy section */

/* Begin PBXFileReference section */
		4094567744518CED24E97503 /* Pods-NWRN.debug.xcconfig */ = {isa = PBXFileReference; includeInIndex = 1; lastKnownFileType = text.xcconfig; name = "Pods-NWRN.debug.xcconfig"; path = "Pods/Target Support Files/Pods-NWRN/Pods-NWRN.debug.xcconfig"; sourceTree = "<group>"; };
		41215CC2219A50DA0074A06E /* SwiftFirstVC.xib */ = {isa = PBXFileReference; lastKnownFileType = file.xib; path = SwiftFirstVC.xib; sourceTree = "<group>"; };
		41215CC4219A51580074A06E /* SideMenuVC.swift */ = {isa = PBXFileReference; lastKnownFileType = sourcecode.swift; path = SideMenuVC.swift; sourceTree = "<group>"; };
		41215CC6219A51750074A06E /* SideMenuVC.xib */ = {isa = PBXFileReference; lastKnownFileType = file.xib; path = SideMenuVC.xib; sourceTree = "<group>"; };
		41215CC8219A62DD0074A06E /* SwiftSecondVC.swift */ = {isa = PBXFileReference; lastKnownFileType = sourcecode.swift; path = SwiftSecondVC.swift; sourceTree = "<group>"; };
		41215CCA219A63210074A06E /* SwiftFirstVC.swift */ = {isa = PBXFileReference; fileEncoding = 4; lastKnownFileType = sourcecode.swift; path = SwiftFirstVC.swift; sourceTree = "<group>"; };
		41215CCC219A64680074A06E /* SwiftSecondVC.xib */ = {isa = PBXFileReference; lastKnownFileType = file.xib; path = SwiftSecondVC.xib; sourceTree = "<group>"; };
		41215CCE219A6AFF0074A06E /* SwiftToRNVC.swift */ = {isa = PBXFileReference; lastKnownFileType = sourcecode.swift; path = SwiftToRNVC.swift; sourceTree = "<group>"; };
		41215CD0219A6B8E0074A06E /* SwiftToRNVC.xib */ = {isa = PBXFileReference; lastKnownFileType = file.xib; path = SwiftToRNVC.xib; sourceTree = "<group>"; };
		41CCC585219A06BC0042F590 /* NWRN.app */ = {isa = PBXFileReference; explicitFileType = wrapper.application; includeInIndex = 0; path = NWRN.app; sourceTree = BUILT_PRODUCTS_DIR; };
		41CCC588219A06BC0042F590 /* AppDelegate.swift */ = {isa = PBXFileReference; lastKnownFileType = sourcecode.swift; path = AppDelegate.swift; sourceTree = "<group>"; };
		41CCC590219A06BC0042F590 /* NWRN.xcdatamodel */ = {isa = PBXFileReference; lastKnownFileType = wrapper.xcdatamodel; path = NWRN.xcdatamodel; sourceTree = "<group>"; };
		41CCC592219A06BD0042F590 /* Assets.xcassets */ = {isa = PBXFileReference; lastKnownFileType = folder.assetcatalog; path = Assets.xcassets; sourceTree = "<group>"; };
		41CCC595219A06BD0042F590 /* Base */ = {isa = PBXFileReference; lastKnownFileType = file.storyboard; name = Base; path = Base.lproj/LaunchScreen.storyboard; sourceTree = "<group>"; };
		41CCC597219A06BD0042F590 /* Info.plist */ = {isa = PBXFileReference; lastKnownFileType = text.plist.xml; path = Info.plist; sourceTree = "<group>"; };
		41CCC59C219A06BD0042F590 /* NWRNTests.xctest */ = {isa = PBXFileReference; explicitFileType = wrapper.cfbundle; includeInIndex = 0; path = NWRNTests.xctest; sourceTree = BUILT_PRODUCTS_DIR; };
		41CCC5A0219A06BD0042F590 /* NWRNTests.swift */ = {isa = PBXFileReference; lastKnownFileType = sourcecode.swift; path = NWRNTests.swift; sourceTree = "<group>"; };
		41CCC5A2219A06BD0042F590 /* Info.plist */ = {isa = PBXFileReference; lastKnownFileType = text.plist.xml; path = Info.plist; sourceTree = "<group>"; };
		41CCC5A7219A06BD0042F590 /* NWRNUITests.xctest */ = {isa = PBXFileReference; explicitFileType = wrapper.cfbundle; includeInIndex = 0; path = NWRNUITests.xctest; sourceTree = BUILT_PRODUCTS_DIR; };
		41CCC5AB219A06BD0042F590 /* NWRNUITests.swift */ = {isa = PBXFileReference; lastKnownFileType = sourcecode.swift; path = NWRNUITests.swift; sourceTree = "<group>"; };
		41CCC5AD219A06BD0042F590 /* Info.plist */ = {isa = PBXFileReference; lastKnownFileType = text.plist.xml; path = Info.plist; sourceTree = "<group>"; };
		489624DFEBEBF95BA25773E8 /* Pods_NWRN.framework */ = {isa = PBXFileReference; explicitFileType = wrapper.framework; includeInIndex = 0; path = Pods_NWRN.framework; sourceTree = BUILT_PRODUCTS_DIR; };
		5C6F081DE1B463EEE6C007AF /* Pods_NWRNTests.framework */ = {isa = PBXFileReference; explicitFileType = wrapper.framework; includeInIndex = 0; path = Pods_NWRNTests.framework; sourceTree = BUILT_PRODUCTS_DIR; };
		76BBB7F3480AFC7D3B92C58C /* Pods-NWRNUITests.release.xcconfig */ = {isa = PBXFileReference; includeInIndex = 1; lastKnownFileType = text.xcconfig; name = "Pods-NWRNUITests.release.xcconfig"; path = "Pods/Target Support Files/Pods-NWRNUITests/Pods-NWRNUITests.release.xcconfig"; sourceTree = "<group>"; };
		76FC4E5D1C304838D48AAD74 /* Pods-NWRNUITests.debug.xcconfig */ = {isa = PBXFileReference; includeInIndex = 1; lastKnownFileType = text.xcconfig; name = "Pods-NWRNUITests.debug.xcconfig"; path = "Pods/Target Support Files/Pods-NWRNUITests/Pods-NWRNUITests.debug.xcconfig"; sourceTree = "<group>"; };
		AEB92BACD9AA3B4D9EA9E802 /* Pods-NWRN.release.xcconfig */ = {isa = PBXFileReference; includeInIndex = 1; lastKnownFileType = text.xcconfig; name = "Pods-NWRN.release.xcconfig"; path = "Pods/Target Support Files/Pods-NWRN/Pods-NWRN.release.xcconfig"; sourceTree = "<group>"; };
		C0C20C666478484B2340EC9C /* Pods-NWRNTests.release.xcconfig */ = {isa = PBXFileReference; includeInIndex = 1; lastKnownFileType = text.xcconfig; name = "Pods-NWRNTests.release.xcconfig"; path = "Pods/Target Support Files/Pods-NWRNTests/Pods-NWRNTests.release.xcconfig"; sourceTree = "<group>"; };
		D0A3B392F470DEB35DA7F5C3 /* Pods-NWRNTests.debug.xcconfig */ = {isa = PBXFileReference; includeInIndex = 1; lastKnownFileType = text.xcconfig; name = "Pods-NWRNTests.debug.xcconfig"; path = "Pods/Target Support Files/Pods-NWRNTests/Pods-NWRNTests.debug.xcconfig"; sourceTree = "<group>"; };
		D503114139AA53A0B57B8B9B /* Pods_NWRNUITests.framework */ = {isa = PBXFileReference; explicitFileType = wrapper.framework; includeInIndex = 0; path = Pods_NWRNUITests.framework; sourceTree = BUILT_PRODUCTS_DIR; };
/* End PBXFileReference section */

/* Begin PBXFrameworksBuildPhase section */
		41CCC582219A06BC0042F590 /* Frameworks */ = {
			isa = PBXFrameworksBuildPhase;
			buildActionMask = 2147483647;
			files = (
				EA1ABCAEC62D33FA5E33380D /* Pods_NWRN.framework in Frameworks */,
			);
			runOnlyForDeploymentPostprocessing = 0;
		};
		41CCC599219A06BD0042F590 /* Frameworks */ = {
			isa = PBXFrameworksBuildPhase;
			buildActionMask = 2147483647;
			files = (
				EE44789684644EE2F5159B56 /* Pods_NWRNTests.framework in Frameworks */,
			);
			runOnlyForDeploymentPostprocessing = 0;
		};
		41CCC5A4219A06BD0042F590 /* Frameworks */ = {
			isa = PBXFrameworksBuildPhase;
			buildActionMask = 2147483647;
			files = (
				8C8576415FD13C216DE883AD /* Pods_NWRNUITests.framework in Frameworks */,
			);
			runOnlyForDeploymentPostprocessing = 0;
		};
/* End PBXFrameworksBuildPhase section */

/* Begin PBXGroup section */
		41215CBD219A50560074A06E /* ViewControllers */ = {
			isa = PBXGroup;
			children = (
				41215CC4219A51580074A06E /* SideMenuVC.swift */,
				41215CCA219A63210074A06E /* SwiftFirstVC.swift */,
				41215CC8219A62DD0074A06E /* SwiftSecondVC.swift */,
				41215CCE219A6AFF0074A06E /* SwiftToRNVC.swift */,
			);
			path = ViewControllers;
			sourceTree = "<group>";
		};
		41215CBE219A50620074A06E /* XIB */ = {
			isa = PBXGroup;
			children = (
				41215CBF219A50620074A06E /* ViewControllers */,
			);
			path = XIB;
			sourceTree = "<group>";
		};
		41215CBF219A50620074A06E /* ViewControllers */ = {
			isa = PBXGroup;
			children = (
				41215CC2219A50DA0074A06E /* SwiftFirstVC.xib */,
				41215CC6219A51750074A06E /* SideMenuVC.xib */,
				41215CCC219A64680074A06E /* SwiftSecondVC.xib */,
				41215CD0219A6B8E0074A06E /* SwiftToRNVC.xib */,
			);
			path = ViewControllers;
			sourceTree = "<group>";
		};
		41CCC57C219A06BC0042F590 = {
			isa = PBXGroup;
			children = (
				41CCC587219A06BC0042F590 /* NWRN */,
				41CCC59F219A06BD0042F590 /* NWRNTests */,
				41CCC5AA219A06BD0042F590 /* NWRNUITests */,
				41CCC586219A06BC0042F590 /* Products */,
				66AA246ABD33D135761C109E /* Pods */,
				BA93D269C7487CA32221278D /* Frameworks */,
			);
			sourceTree = "<group>";
		};
		41CCC586219A06BC0042F590 /* Products */ = {
			isa = PBXGroup;
			children = (
				41CCC585219A06BC0042F590 /* NWRN.app */,
				41CCC59C219A06BD0042F590 /* NWRNTests.xctest */,
				41CCC5A7219A06BD0042F590 /* NWRNUITests.xctest */,
			);
			name = Products;
			sourceTree = "<group>";
		};
		41CCC587219A06BC0042F590 /* NWRN */ = {
			isa = PBXGroup;
			children = (
				41215CBE219A50620074A06E /* XIB */,
				41215CBD219A50560074A06E /* ViewControllers */,
				41CCC588219A06BC0042F590 /* AppDelegate.swift */,
				41CCC592219A06BD0042F590 /* Assets.xcassets */,
				41CCC594219A06BD0042F590 /* LaunchScreen.storyboard */,
				41CCC597219A06BD0042F590 /* Info.plist */,
				41CCC58F219A06BC0042F590 /* NWRN.xcdatamodeld */,
			);
			path = NWRN;
			sourceTree = "<group>";
		};
		41CCC59F219A06BD0042F590 /* NWRNTests */ = {
			isa = PBXGroup;
			children = (
				41CCC5A0219A06BD0042F590 /* NWRNTests.swift */,
				41CCC5A2219A06BD0042F590 /* Info.plist */,
			);
			path = NWRNTests;
			sourceTree = "<group>";
		};
		41CCC5AA219A06BD0042F590 /* NWRNUITests */ = {
			isa = PBXGroup;
			children = (
				41CCC5AB219A06BD0042F590 /* NWRNUITests.swift */,
				41CCC5AD219A06BD0042F590 /* Info.plist */,
			);
			path = NWRNUITests;
			sourceTree = "<group>";
		};
		66AA246ABD33D135761C109E /* Pods */ = {
			isa = PBXGroup;
			children = (
				4094567744518CED24E97503 /* Pods-NWRN.debug.xcconfig */,
				AEB92BACD9AA3B4D9EA9E802 /* Pods-NWRN.release.xcconfig */,
				D0A3B392F470DEB35DA7F5C3 /* Pods-NWRNTests.debug.xcconfig */,
				C0C20C666478484B2340EC9C /* Pods-NWRNTests.release.xcconfig */,
				76FC4E5D1C304838D48AAD74 /* Pods-NWRNUITests.debug.xcconfig */,
				76BBB7F3480AFC7D3B92C58C /* Pods-NWRNUITests.release.xcconfig */,
			);
			name = Pods;
			sourceTree = "<group>";
		};
		BA93D269C7487CA32221278D /* Frameworks */ = {
			isa = PBXGroup;
			children = (
				489624DFEBEBF95BA25773E8 /* Pods_NWRN.framework */,
				5C6F081DE1B463EEE6C007AF /* Pods_NWRNTests.framework */,
				D503114139AA53A0B57B8B9B /* Pods_NWRNUITests.framework */,
			);
			name = Frameworks;
			sourceTree = "<group>";
		};
/* End PBXGroup section */

/* Begin PBXNativeTarget section */
		41CCC584219A06BC0042F590 /* NWRN */ = {
			isa = PBXNativeTarget;
			buildConfigurationList = 41CCC5B0219A06BD0042F590 /* Build configuration list for PBXNativeTarget "NWRN" */;
			buildPhases = (
				C90162EBF73785279E7A056C /* [CP] Check Pods Manifest.lock */,
				41CCC581219A06BC0042F590 /* Sources */,
				41CCC582219A06BC0042F590 /* Frameworks */,
				41CCC583219A06BC0042F590 /* Resources */,
				172A7C4139D73D98A7882A83 /* [CP] Embed Pods Frameworks */,
			);
			buildRules = (
			);
			dependencies = (
			);
			name = NWRN;
			productName = NWRN;
			productReference = 41CCC585219A06BC0042F590 /* NWRN.app */;
			productType = "com.apple.product-type.application";
		};
		41CCC59B219A06BD0042F590 /* NWRNTests */ = {
			isa = PBXNativeTarget;
			buildConfigurationList = 41CCC5B3219A06BD0042F590 /* Build configuration list for PBXNativeTarget "NWRNTests" */;
			buildPhases = (
				E8A5BB8165E98A11D0DF4E9D /* [CP] Check Pods Manifest.lock */,
				41CCC598219A06BD0042F590 /* Sources */,
				41CCC599219A06BD0042F590 /* Frameworks */,
				41CCC59A219A06BD0042F590 /* Resources */,
			);
			buildRules = (
			);
			dependencies = (
				41CCC59E219A06BD0042F590 /* PBXTargetDependency */,
			);
			name = NWRNTests;
			productName = NWRNTests;
			productReference = 41CCC59C219A06BD0042F590 /* NWRNTests.xctest */;
			productType = "com.apple.product-type.bundle.unit-test";
		};
		41CCC5A6219A06BD0042F590 /* NWRNUITests */ = {
			isa = PBXNativeTarget;
			buildConfigurationList = 41CCC5B6219A06BD0042F590 /* Build configuration list for PBXNativeTarget "NWRNUITests" */;
			buildPhases = (
				8F76160F3CD07593F8B4D1E0 /* [CP] Check Pods Manifest.lock */,
				41CCC5A3219A06BD0042F590 /* Sources */,
				41CCC5A4219A06BD0042F590 /* Frameworks */,
				41CCC5A5219A06BD0042F590 /* Resources */,
			);
			buildRules = (
			);
			dependencies = (
				41CCC5A9219A06BD0042F590 /* PBXTargetDependency */,
			);
			name = NWRNUITests;
			productName = NWRNUITests;
			productReference = 41CCC5A7219A06BD0042F590 /* NWRNUITests.xctest */;
			productType = "com.apple.product-type.bundle.ui-testing";
		};
/* End PBXNativeTarget section */

/* Begin PBXProject section */
		41CCC57D219A06BC0042F590 /* Project object */ = {
			isa = PBXProject;
			attributes = {
				LastSwiftUpdateCheck = 1010;
				LastUpgradeCheck = 1010;
				ORGANIZATIONNAME = "Sergio Jair Cerezo Vallejo";
				TargetAttributes = {
					41CCC584219A06BC0042F590 = {
						CreatedOnToolsVersion = 10.1;
					};
					41CCC59B219A06BD0042F590 = {
						CreatedOnToolsVersion = 10.1;
						TestTargetID = 41CCC584219A06BC0042F590;
					};
					41CCC5A6219A06BD0042F590 = {
						CreatedOnToolsVersion = 10.1;
						TestTargetID = 41CCC584219A06BC0042F590;
					};
				};
			};
			buildConfigurationList = 41CCC580219A06BC0042F590 /* Build configuration list for PBXProject "NWRN" */;
			compatibilityVersion = "Xcode 9.3";
			developmentRegion = en;
			hasScannedForEncodings = 0;
			knownRegions = (
				en,
				Base,
			);
			mainGroup = 41CCC57C219A06BC0042F590;
			productRefGroup = 41CCC586219A06BC0042F590 /* Products */;
			projectDirPath = "";
			projectRoot = "";
			targets = (
				41CCC584219A06BC0042F590 /* NWRN */,
				41CCC59B219A06BD0042F590 /* NWRNTests */,
				41CCC5A6219A06BD0042F590 /* NWRNUITests */,
			);
		};
/* End PBXProject section */

/* Begin PBXResourcesBuildPhase section */
		41CCC583219A06BC0042F590 /* Resources */ = {
			isa = PBXResourcesBuildPhase;
			buildActionMask = 2147483647;
			files = (
				41CCC596219A06BD0042F590 /* LaunchScreen.storyboard in Resources */,
				41CCC593219A06BD0042F590 /* Assets.xcassets in Resources */,
				41215CCD219A64680074A06E /* SwiftSecondVC.xib in Resources */,
				41215CD1219A6B8E0074A06E /* SwiftToRNVC.xib in Resources */,
				41215CC7219A51750074A06E /* SideMenuVC.xib in Resources */,
				41215CC3219A50DA0074A06E /* SwiftFirstVC.xib in Resources */,
			);
			runOnlyForDeploymentPostprocessing = 0;
		};
		41CCC59A219A06BD0042F590 /* Resources */ = {
			isa = PBXResourcesBuildPhase;
			buildActionMask = 2147483647;
			files = (
			);
			runOnlyForDeploymentPostprocessing = 0;
		};
		41CCC5A5219A06BD0042F590 /* Resources */ = {
			isa = PBXResourcesBuildPhase;
			buildActionMask = 2147483647;
			files = (
			);
			runOnlyForDeploymentPostprocessing = 0;
		};
/* End PBXResourcesBuildPhase section */

/* Begin PBXShellScriptBuildPhase section */
		172A7C4139D73D98A7882A83 /* [CP] Embed Pods Frameworks */ = {
			isa = PBXShellScriptBuildPhase;
			buildActionMask = 2147483647;
			files = (
			);
			inputPaths = (
				"${SRCROOT}/Pods/Target Support Files/Pods-NWRN/Pods-NWRN-frameworks.sh",
				"${BUILT_PRODUCTS_DIR}/Alamofire/Alamofire.framework",
				"${BUILT_PRODUCTS_DIR}/DoubleConversion/DoubleConversion.framework",
				"${BUILT_PRODUCTS_DIR}/Folly/folly.framework",
				"${BUILT_PRODUCTS_DIR}/React/React.framework",
				"${BUILT_PRODUCTS_DIR}/SlideMenuControllerSwift/SlideMenuControllerSwift.framework",
				"${BUILT_PRODUCTS_DIR}/glog/glog.framework",
				"${BUILT_PRODUCTS_DIR}/yoga/yoga.framework",
			);
			name = "[CP] Embed Pods Frameworks";
			outputPaths = (
				"${TARGET_BUILD_DIR}/${FRAMEWORKS_FOLDER_PATH}/Alamofire.framework",
				"${TARGET_BUILD_DIR}/${FRAMEWORKS_FOLDER_PATH}/DoubleConversion.framework",
				"${TARGET_BUILD_DIR}/${FRAMEWORKS_FOLDER_PATH}/folly.framework",
				"${TARGET_BUILD_DIR}/${FRAMEWORKS_FOLDER_PATH}/React.framework",
				"${TARGET_BUILD_DIR}/${FRAMEWORKS_FOLDER_PATH}/SlideMenuControllerSwift.framework",
				"${TARGET_BUILD_DIR}/${FRAMEWORKS_FOLDER_PATH}/glog.framework",
				"${TARGET_BUILD_DIR}/${FRAMEWORKS_FOLDER_PATH}/yoga.framework",
			);
			runOnlyForDeploymentPostprocessing = 0;
			shellPath = /bin/sh;
			shellScript = "\"${SRCROOT}/Pods/Target Support Files/Pods-NWRN/Pods-NWRN-frameworks.sh\"\n";
			showEnvVarsInLog = 0;
		};
		8F76160F3CD07593F8B4D1E0 /* [CP] Check Pods Manifest.lock */ = {
			isa = PBXShellScriptBuildPhase;
			buildActionMask = 2147483647;
			files = (
			);
			inputPaths = (
				"${PODS_PODFILE_DIR_PATH}/Podfile.lock",
				"${PODS_ROOT}/Manifest.lock",
			);
			name = "[CP] Check Pods Manifest.lock";
			outputPaths = (
				"$(DERIVED_FILE_DIR)/Pods-NWRNUITests-checkManifestLockResult.txt",
			);
			runOnlyForDeploymentPostprocessing = 0;
			shellPath = /bin/sh;
			shellScript = "diff \"${PODS_PODFILE_DIR_PATH}/Podfile.lock\" \"${PODS_ROOT}/Manifest.lock\" > /dev/null\nif [ $? != 0 ] ; then\n    # print error to STDERR\n    echo \"error: The sandbox is not in sync with the Podfile.lock. Run 'pod install' or update your CocoaPods installation.\" >&2\n    exit 1\nfi\n# This output is used by Xcode 'outputs' to avoid re-running this script phase.\necho \"SUCCESS\" > \"${SCRIPT_OUTPUT_FILE_0}\"\n";
			showEnvVarsInLog = 0;
		};
		C90162EBF73785279E7A056C /* [CP] Check Pods Manifest.lock */ = {
			isa = PBXShellScriptBuildPhase;
			buildActionMask = 2147483647;
			files = (
			);
			inputPaths = (
				"${PODS_PODFILE_DIR_PATH}/Podfile.lock",
				"${PODS_ROOT}/Manifest.lock",
			);
			name = "[CP] Check Pods Manifest.lock";
			outputPaths = (
				"$(DERIVED_FILE_DIR)/Pods-NWRN-checkManifestLockResult.txt",
			);
			runOnlyForDeploymentPostprocessing = 0;
			shellPath = /bin/sh;
			shellScript = "diff \"${PODS_PODFILE_DIR_PATH}/Podfile.lock\" \"${PODS_ROOT}/Manifest.lock\" > /dev/null\nif [ $? != 0 ] ; then\n    # print error to STDERR\n    echo \"error: The sandbox is not in sync with the Podfile.lock. Run 'pod install' or update your CocoaPods installation.\" >&2\n    exit 1\nfi\n# This output is used by Xcode 'outputs' to avoid re-running this script phase.\necho \"SUCCESS\" > \"${SCRIPT_OUTPUT_FILE_0}\"\n";
			showEnvVarsInLog = 0;
		};
		E8A5BB8165E98A11D0DF4E9D /* [CP] Check Pods Manifest.lock */ = {
			isa = PBXShellScriptBuildPhase;
			buildActionMask = 2147483647;
			files = (
			);
			inputPaths = (
				"${PODS_PODFILE_DIR_PATH}/Podfile.lock",
				"${PODS_ROOT}/Manifest.lock",
			);
			name = "[CP] Check Pods Manifest.lock";
			outputPaths = (
				"$(DERIVED_FILE_DIR)/Pods-NWRNTests-checkManifestLockResult.txt",
			);
			runOnlyForDeploymentPostprocessing = 0;
			shellPath = /bin/sh;
			shellScript = "diff \"${PODS_PODFILE_DIR_PATH}/Podfile.lock\" \"${PODS_ROOT}/Manifest.lock\" > /dev/null\nif [ $? != 0 ] ; then\n    # print error to STDERR\n    echo \"error: The sandbox is not in sync with the Podfile.lock. Run 'pod install' or update your CocoaPods installation.\" >&2\n    exit 1\nfi\n# This output is used by Xcode 'outputs' to avoid re-running this script phase.\necho \"SUCCESS\" > \"${SCRIPT_OUTPUT_FILE_0}\"\n";
			showEnvVarsInLog = 0;
		};
/* End PBXShellScriptBuildPhase section */

/* Begin PBXSourcesBuildPhase section */
		41CCC581219A06BC0042F590 /* Sources */ = {
			isa = PBXSourcesBuildPhase;
			buildActionMask = 2147483647;
			files = (
				41CCC591219A06BC0042F590 /* NWRN.xcdatamodeld in Sources */,
				41CCC589219A06BC0042F590 /* AppDelegate.swift in Sources */,
				41215CCB219A63210074A06E /* SwiftFirstVC.swift in Sources */,
				41215CCF219A6AFF0074A06E /* SwiftToRNVC.swift in Sources */,
				41215CC9219A62DD0074A06E /* SwiftSecondVC.swift in Sources */,
				41215CC5219A51580074A06E /* SideMenuVC.swift in Sources */,
			);
			runOnlyForDeploymentPostprocessing = 0;
		};
		41CCC598219A06BD0042F590 /* Sources */ = {
			isa = PBXSourcesBuildPhase;
			buildActionMask = 2147483647;
			files = (
				41CCC5A1219A06BD0042F590 /* NWRNTests.swift in Sources */,
			);
			runOnlyForDeploymentPostprocessing = 0;
		};
		41CCC5A3219A06BD0042F590 /* Sources */ = {
			isa = PBXSourcesBuildPhase;
			buildActionMask = 2147483647;
			files = (
				41CCC5AC219A06BD0042F590 /* NWRNUITests.swift in Sources */,
			);
			runOnlyForDeploymentPostprocessing = 0;
		};
/* End PBXSourcesBuildPhase section */

/* Begin PBXTargetDependency section */
		41CCC59E219A06BD0042F590 /* PBXTargetDependency */ = {
			isa = PBXTargetDependency;
			target = 41CCC584219A06BC0042F590 /* NWRN */;
			targetProxy = 41CCC59D219A06BD0042F590 /* PBXContainerItemProxy */;
		};
		41CCC5A9219A06BD0042F590 /* PBXTargetDependency */ = {
			isa = PBXTargetDependency;
			target = 41CCC584219A06BC0042F590 /* NWRN */;
			targetProxy = 41CCC5A8219A06BD0042F590 /* PBXContainerItemProxy */;
		};
/* End PBXTargetDependency section */

/* Begin PBXVariantGroup section */
		41CCC594219A06BD0042F590 /* LaunchScreen.storyboard */ = {
			isa = PBXVariantGroup;
			children = (
				41CCC595219A06BD0042F590 /* Base */,
			);
			name = LaunchScreen.storyboard;
			sourceTree = "<group>";
		};
/* End PBXVariantGroup section */

/* Begin XCBuildConfiguration section */
		41CCC5AE219A06BD0042F590 /* Debug */ = {
			isa = XCBuildConfiguration;
			buildSettings = {
				ALWAYS_SEARCH_USER_PATHS = NO;
				CLANG_ANALYZER_NONNULL = YES;
				CLANG_ANALYZER_NUMBER_OBJECT_CONVERSION = YES_AGGRESSIVE;
				CLANG_CXX_LANGUAGE_STANDARD = "gnu++14";
				CLANG_CXX_LIBRARY = "libc++";
				CLANG_ENABLE_MODULES = YES;
				CLANG_ENABLE_OBJC_ARC = YES;
				CLANG_ENABLE_OBJC_WEAK = YES;
				CLANG_WARN_BLOCK_CAPTURE_AUTORELEASING = YES;
				CLANG_WARN_BOOL_CONVERSION = YES;
				CLANG_WARN_COMMA = YES;
				CLANG_WARN_CONSTANT_CONVERSION = YES;
				CLANG_WARN_DEPRECATED_OBJC_IMPLEMENTATIONS = YES;
				CLANG_WARN_DIRECT_OBJC_ISA_USAGE = YES_ERROR;
				CLANG_WARN_DOCUMENTATION_COMMENTS = YES;
				CLANG_WARN_EMPTY_BODY = YES;
				CLANG_WARN_ENUM_CONVERSION = YES;
				CLANG_WARN_INFINITE_RECURSION = YES;
				CLANG_WARN_INT_CONVERSION = YES;
				CLANG_WARN_NON_LITERAL_NULL_CONVERSION = YES;
				CLANG_WARN_OBJC_IMPLICIT_RETAIN_SELF = YES;
				CLANG_WARN_OBJC_LITERAL_CONVERSION = YES;
				CLANG_WARN_OBJC_ROOT_CLASS = YES_ERROR;
				CLANG_WARN_RANGE_LOOP_ANALYSIS = YES;
				CLANG_WARN_STRICT_PROTOTYPES = YES;
				CLANG_WARN_SUSPICIOUS_MOVE = YES;
				CLANG_WARN_UNGUARDED_AVAILABILITY = YES_AGGRESSIVE;
				CLANG_WARN_UNREACHABLE_CODE = YES;
				CLANG_WARN__DUPLICATE_METHOD_MATCH = YES;
				CODE_SIGN_IDENTITY = "iPhone Developer";
				COPY_PHASE_STRIP = NO;
				DEBUG_INFORMATION_FORMAT = dwarf;
				ENABLE_STRICT_OBJC_MSGSEND = YES;
				ENABLE_TESTABILITY = YES;
				GCC_C_LANGUAGE_STANDARD = gnu11;
				GCC_DYNAMIC_NO_PIC = NO;
				GCC_NO_COMMON_BLOCKS = YES;
				GCC_OPTIMIZATION_LEVEL = 0;
				GCC_PREPROCESSOR_DEFINITIONS = (
					"DEBUG=1",
					"$(inherited)",
				);
				GCC_WARN_64_TO_32_BIT_CONVERSION = YES;
				GCC_WARN_ABOUT_RETURN_TYPE = YES_ERROR;
				GCC_WARN_UNDECLARED_SELECTOR = YES;
				GCC_WARN_UNINITIALIZED_AUTOS = YES_AGGRESSIVE;
				GCC_WARN_UNUSED_FUNCTION = YES;
				GCC_WARN_UNUSED_VARIABLE = YES;
				IPHONEOS_DEPLOYMENT_TARGET = 12.1;
				MTL_ENABLE_DEBUG_INFO = INCLUDE_SOURCE;
				MTL_FAST_MATH = YES;
				ONLY_ACTIVE_ARCH = YES;
				SDKROOT = iphoneos;
				SWIFT_ACTIVE_COMPILATION_CONDITIONS = DEBUG;
				SWIFT_OPTIMIZATION_LEVEL = "-Onone";
			};
			name = Debug;
		};
		41CCC5AF219A06BD0042F590 /* Release */ = {
			isa = XCBuildConfiguration;
			buildSettings = {
				ALWAYS_SEARCH_USER_PATHS = NO;
				CLANG_ANALYZER_NONNULL = YES;
				CLANG_ANALYZER_NUMBER_OBJECT_CONVERSION = YES_AGGRESSIVE;
				CLANG_CXX_LANGUAGE_STANDARD = "gnu++14";
				CLANG_CXX_LIBRARY = "libc++";
				CLANG_ENABLE_MODULES = YES;
				CLANG_ENABLE_OBJC_ARC = YES;
				CLANG_ENABLE_OBJC_WEAK = YES;
				CLANG_WARN_BLOCK_CAPTURE_AUTORELEASING = YES;
				CLANG_WARN_BOOL_CONVERSION = YES;
				CLANG_WARN_COMMA = YES;
				CLANG_WARN_CONSTANT_CONVERSION = YES;
				CLANG_WARN_DEPRECATED_OBJC_IMPLEMENTATIONS = YES;
				CLANG_WARN_DIRECT_OBJC_ISA_USAGE = YES_ERROR;
				CLANG_WARN_DOCUMENTATION_COMMENTS = YES;
				CLANG_WARN_EMPTY_BODY = YES;
				CLANG_WARN_ENUM_CONVERSION = YES;
				CLANG_WARN_INFINITE_RECURSION = YES;
				CLANG_WARN_INT_CONVERSION = YES;
				CLANG_WARN_NON_LITERAL_NULL_CONVERSION = YES;
				CLANG_WARN_OBJC_IMPLICIT_RETAIN_SELF = YES;
				CLANG_WARN_OBJC_LITERAL_CONVERSION = YES;
				CLANG_WARN_OBJC_ROOT_CLASS = YES_ERROR;
				CLANG_WARN_RANGE_LOOP_ANALYSIS = YES;
				CLANG_WARN_STRICT_PROTOTYPES = YES;
				CLANG_WARN_SUSPICIOUS_MOVE = YES;
				CLANG_WARN_UNGUARDED_AVAILABILITY = YES_AGGRESSIVE;
				CLANG_WARN_UNREACHABLE_CODE = YES;
				CLANG_WARN__DUPLICATE_METHOD_MATCH = YES;
				CODE_SIGN_IDENTITY = "iPhone Developer";
				COPY_PHASE_STRIP = NO;
				DEBUG_INFORMATION_FORMAT = "dwarf-with-dsym";
				ENABLE_NS_ASSERTIONS = NO;
				ENABLE_STRICT_OBJC_MSGSEND = YES;
				GCC_C_LANGUAGE_STANDARD = gnu11;
				GCC_NO_COMMON_BLOCKS = YES;
				GCC_WARN_64_TO_32_BIT_CONVERSION = YES;
				GCC_WARN_ABOUT_RETURN_TYPE = YES_ERROR;
				GCC_WARN_UNDECLARED_SELECTOR = YES;
				GCC_WARN_UNINITIALIZED_AUTOS = YES_AGGRESSIVE;
				GCC_WARN_UNUSED_FUNCTION = YES;
				GCC_WARN_UNUSED_VARIABLE = YES;
				IPHONEOS_DEPLOYMENT_TARGET = 12.1;
				MTL_ENABLE_DEBUG_INFO = NO;
				MTL_FAST_MATH = YES;
				SDKROOT = iphoneos;
				SWIFT_COMPILATION_MODE = wholemodule;
				SWIFT_OPTIMIZATION_LEVEL = "-O";
				VALIDATE_PRODUCT = YES;
			};
			name = Release;
		};
		41CCC5B1219A06BD0042F590 /* Debug */ = {
			isa = XCBuildConfiguration;
			baseConfigurationReference = 4094567744518CED24E97503 /* Pods-NWRN.debug.xcconfig */;
			buildSettings = {
				ASSETCATALOG_COMPILER_APPICON_NAME = AppIcon;
				CODE_SIGN_STYLE = Automatic;
				DEVELOPMENT_TEAM = V27VHW52A9;
				INFOPLIST_FILE = NWRN/Info.plist;
				LD_RUNPATH_SEARCH_PATHS = "$(inherited) @executable_path/Frameworks";
				PRODUCT_BUNDLE_IDENTIFIER = com.sf.NWRN;
				PRODUCT_NAME = "$(TARGET_NAME)";
				SWIFT_VERSION = 4.2;
				TARGETED_DEVICE_FAMILY = "1,2";
			};
			name = Debug;
		};
		41CCC5B2219A06BD0042F590 /* Release */ = {
			isa = XCBuildConfiguration;
			baseConfigurationReference = AEB92BACD9AA3B4D9EA9E802 /* Pods-NWRN.release.xcconfig */;
			buildSettings = {
				ASSETCATALOG_COMPILER_APPICON_NAME = AppIcon;
				CODE_SIGN_STYLE = Automatic;
				DEVELOPMENT_TEAM = V27VHW52A9;
				INFOPLIST_FILE = NWRN/Info.plist;
				LD_RUNPATH_SEARCH_PATHS = "$(inherited) @executable_path/Frameworks";
				PRODUCT_BUNDLE_IDENTIFIER = com.sf.NWRN;
				PRODUCT_NAME = "$(TARGET_NAME)";
				SWIFT_VERSION = 4.2;
				TARGETED_DEVICE_FAMILY = "1,2";
			};
			name = Release;
		};
		41CCC5B4219A06BD0042F590 /* Debug */ = {
			isa = XCBuildConfiguration;
			baseConfigurationReference = D0A3B392F470DEB35DA7F5C3 /* Pods-NWRNTests.debug.xcconfig */;
			buildSettings = {
				ALWAYS_EMBED_SWIFT_STANDARD_LIBRARIES = YES;
				BUNDLE_LOADER = "$(TEST_HOST)";
				CODE_SIGN_STYLE = Automatic;
				DEVELOPMENT_TEAM = V27VHW52A9;
				INFOPLIST_FILE = NWRNTests/Info.plist;
				LD_RUNPATH_SEARCH_PATHS = "$(inherited) @executable_path/Frameworks @loader_path/Frameworks";
				PRODUCT_BUNDLE_IDENTIFIER = com.sf.NWRNTests;
				PRODUCT_NAME = "$(TARGET_NAME)";
				SWIFT_VERSION = 4.2;
				TARGETED_DEVICE_FAMILY = "1,2";
				TEST_HOST = "$(BUILT_PRODUCTS_DIR)/NWRN.app/NWRN";
			};
			name = Debug;
		};
		41CCC5B5219A06BD0042F590 /* Release */ = {
			isa = XCBuildConfiguration;
			baseConfigurationReference = C0C20C666478484B2340EC9C /* Pods-NWRNTests.release.xcconfig */;
			buildSettings = {
				ALWAYS_EMBED_SWIFT_STANDARD_LIBRARIES = YES;
				BUNDLE_LOADER = "$(TEST_HOST)";
				CODE_SIGN_STYLE = Automatic;
				DEVELOPMENT_TEAM = V27VHW52A9;
				INFOPLIST_FILE = NWRNTests/Info.plist;
				LD_RUNPATH_SEARCH_PATHS = "$(inherited) @executable_path/Frameworks @loader_path/Frameworks";
				PRODUCT_BUNDLE_IDENTIFIER = com.sf.NWRNTests;
				PRODUCT_NAME = "$(TARGET_NAME)";
				SWIFT_VERSION = 4.2;
				TARGETED_DEVICE_FAMILY = "1,2";
				TEST_HOST = "$(BUILT_PRODUCTS_DIR)/NWRN.app/NWRN";
			};
			name = Release;
		};
		41CCC5B7219A06BD0042F590 /* Debug */ = {
			isa = XCBuildConfiguration;
			baseConfigurationReference = 76FC4E5D1C304838D48AAD74 /* Pods-NWRNUITests.debug.xcconfig */;
			buildSettings = {
				ALWAYS_EMBED_SWIFT_STANDARD_LIBRARIES = YES;
				CODE_SIGN_STYLE = Automatic;
				DEVELOPMENT_TEAM = V27VHW52A9;
				INFOPLIST_FILE = NWRNUITests/Info.plist;
				LD_RUNPATH_SEARCH_PATHS = "$(inherited) @executable_path/Frameworks @loader_path/Frameworks";
				PRODUCT_BUNDLE_IDENTIFIER = com.sf.NWRNUITests;
				PRODUCT_NAME = "$(TARGET_NAME)";
				SWIFT_VERSION = 4.2;
				TARGETED_DEVICE_FAMILY = "1,2";
				TEST_TARGET_NAME = NWRN;
			};
			name = Debug;
		};
		41CCC5B8219A06BD0042F590 /* Release */ = {
			isa = XCBuildConfiguration;
			baseConfigurationReference = 76BBB7F3480AFC7D3B92C58C /* Pods-NWRNUITests.release.xcconfig */;
			buildSettings = {
				ALWAYS_EMBED_SWIFT_STANDARD_LIBRARIES = YES;
				CODE_SIGN_STYLE = Automatic;
				DEVELOPMENT_TEAM = V27VHW52A9;
				INFOPLIST_FILE = NWRNUITests/Info.plist;
				LD_RUNPATH_SEARCH_PATHS = "$(inherited) @executable_path/Frameworks @loader_path/Frameworks";
				PRODUCT_BUNDLE_IDENTIFIER = com.sf.NWRNUITests;
				PRODUCT_NAME = "$(TARGET_NAME)";
				SWIFT_VERSION = 4.2;
				TARGETED_DEVICE_FAMILY = "1,2";
				TEST_TARGET_NAME = NWRN;
			};
			name = Release;
		};
/* End XCBuildConfiguration section */

/* Begin XCConfigurationList section */
		41CCC580219A06BC0042F590 /* Build configuration list for PBXProject "NWRN" */ = {
			isa = XCConfigurationList;
			buildConfigurations = (
				41CCC5AE219A06BD0042F590 /* Debug */,
				41CCC5AF219A06BD0042F590 /* Release */,
			);
			defaultConfigurationIsVisible = 0;
			defaultConfigurationName = Release;
		};
		41CCC5B0219A06BD0042F590 /* Build configuration list for PBXNativeTarget "NWRN" */ = {
			isa = XCConfigurationList;
			buildConfigurations = (
				41CCC5B1219A06BD0042F590 /* Debug */,
				41CCC5B2219A06BD0042F590 /* Release */,
			);
			defaultConfigurationIsVisible = 0;
			defaultConfigurationName = Release;
		};
		41CCC5B3219A06BD0042F590 /* Build configuration list for PBXNativeTarget "NWRNTests" */ = {
			isa = XCConfigurationList;
			buildConfigurations = (
				41CCC5B4219A06BD0042F590 /* Debug */,
				41CCC5B5219A06BD0042F590 /* Release */,
			);
			defaultConfigurationIsVisible = 0;
			defaultConfigurationName = Release;
		};
		41CCC5B6219A06BD0042F590 /* Build configuration list for PBXNativeTarget "NWRNUITests" */ = {
			isa = XCConfigurationList;
			buildConfigurations = (
				41CCC5B7219A06BD0042F590 /* Debug */,
				41CCC5B8219A06BD0042F590 /* Release */,
			);
			defaultConfigurationIsVisible = 0;
			defaultConfigurationName = Release;
		};
/* End XCConfigurationList section */

/* Begin XCVersionGroup section */
		41CCC58F219A06BC0042F590 /* NWRN.xcdatamodeld */ = {
			isa = XCVersionGroup;
			children = (
				41CCC590219A06BC0042F590 /* NWRN.xcdatamodel */,
			);
			currentVersion = 41CCC590219A06BC0042F590 /* NWRN.xcdatamodel */;
			path = NWRN.xcdatamodeld;
			sourceTree = "<group>";
			versionGroupType = wrapper.xcdatamodel;
		};
/* End XCVersionGroup section */
	};
	rootObject = 41CCC57D219A06BC0042F590 /* Project object */;
}
